
Microsoft Visual Studio Solution File, Format Version 12.00
# Visual Studio Version 17
VisualStudioVersion = 17.5.33627.172
MinimumVisualStudioVersion = 10.0.40219.1
Project("{9A19103F-16F7-4668-BE54-9A1E7A4F7556}") = "RegatulJocurilorTests", "RegatulJocurilorTests.csproj", "{6500BA38-3682-4979-BFC0-490DE2619A78}"
EndProject
Global
	GlobalSection(SolutionConfigurationPlatforms) = preSolution
		Debug|Any CPU = Debug|Any CPU
		Release|Any CPU = Release|Any CPU
	EndGlobalSection
	GlobalSection(ProjectConfigurationPlatforms) = postSolution
		{6500BA38-3682-4979-BFC0-490DE2619A78}.Debug|Any CPU.ActiveCfg = Debug|Any CPU
		{6500BA38-3682-4979-BFC0-490DE2619A78}.Debug|Any CPU.Build.0 = Debug|Any CPU
		{6500BA38-3682-4979-BFC0-490DE2619A78}.Release|Any CPU.ActiveCfg = Release|Any CPU
		{6500BA38-3682-4979-BFC0-490DE2619A78}.Release|Any CPU.Build.0 = Release|Any CPU
	EndGlobalSection
	GlobalSection(SolutionProperties) = preSolution
		HideSolutionNode = FALSE
	EndGlobalSection
	GlobalSection(ExtensibilityGlobals) = postSolution
		SolutionGuid = {5E6EA70A-651C-4F98-9BF8-D13E1AC07829}
	EndGlobalSection
EndGlobal
